{
  "name": "widget",
  "version": "1.0.0",
  "lockfileVersion": 3,
  "requires": true,
  "packages": {
    "": {
      "name": "widget",
      "version": "1.0.0",
      "license": "ISC",
      "dependencies": {
        "@leanprover/infoview": "^0.10.0",
        "tslib": "^2.8.1",
        "vscode-languageserver-protocol": "^3.17.5"
      },
      "devDependencies": {
        "@types/react": "^19.2.2",
        "@types/react-dom": "^19.2.2",
        "@types/rollup": "^0.51.4",
        "typescript": "^5.9.3"
      }
    },
    "node_modules/@leanprover/infoview": {
      "version": "0.10.0",
      "resolved": "https://registry.npmjs.org/@leanprover/infoview/-/infoview-0.10.0.tgz",
      "integrity": "sha512-Q6Xgh0XSOjZdCf6+NJ46zHPNLXZTjt3y/G+G7GX8WKvnnjFNddssml5yjnU93D4YtCEsYFaLKMSLU3N843QVwQ==",
      "license": "Apache-2.0",
      "dependencies": {
        "@leanprover/infoview-api": "~0.10.0",
        "@vscode-elements/react-elements": "^0.5.0",
        "@vscode/codicons": "^0.0.40",
        "es-module-lexer": "^1.5.4",
        "es-module-shims": "^1.7.3",
        "react-fast-compare": "^3.2.2",
        "tachyons": "^4.12.0",
        "vscode-languageserver-protocol": "^3.17.3"
      }
    },
    "node_modules/@leanprover/infoview-api": {
      "version": "0.10.0",
      "resolved": "https://registry.npmjs.org/@leanprover/infoview-api/-/infoview-api-0.10.0.tgz",
      "integrity": "sha512-IN2M5BXf5j3qh6JoqLuqgtl9kpjwH1O4aW2Ey8NQTbkCUhTMKOsGH5LZLIgbCndB4MBVBtQhXwPt1fSW+IxOJw==",
      "license": "Apache-2.0"
    },
    "node_modules/@lit-labs/ssr-dom-shim": {
      "version": "1.4.0",
      "resolved": "https://registry.npmjs.org/@lit-labs/ssr-dom-shim/-/ssr-dom-shim-1.4.0.tgz",
      "integrity": "sha512-ficsEARKnmmW5njugNYKipTm4SFnbik7CXtoencDZzmzo/dQ+2Q0bgkzJuoJP20Aj0F+izzJjOqsnkd6F/o1bw==",
      "license": "BSD-3-Clause"
    },
    "node_modules/@lit/react": {
      "version": "1.0.8",
      "resolved": "https://registry.npmjs.org/@lit/react/-/react-1.0.8.tgz",
      "integrity": "sha512-p2+YcF+JE67SRX3mMlJ1TKCSTsgyOVdAwd/nxp3NuV1+Cb6MWALbN6nT7Ld4tpmYofcE5kcaSY1YBB9erY+6fw==",
      "license": "BSD-3-Clause",
      "peerDependencies": {
        "@types/react": "17 || 18 || 19"
      }
    },
    "node_modules/@lit/reactive-element": {
      "version": "2.1.1",
      "resolved": "https://registry.npmjs.org/@lit/reactive-element/-/reactive-element-2.1.1.tgz",
      "integrity": "sha512-N+dm5PAYdQ8e6UlywyyrgI2t++wFGXfHx+dSJ1oBrg6FAxUj40jId++EaRm80MKX5JnlH1sBsyZ5h0bcZKemCg==",
      "license": "BSD-3-Clause",
      "dependencies": {
        "@lit-labs/ssr-dom-shim": "^1.4.0"
      }
    },
    "node_modules/@types/acorn": {
      "version": "4.0.6",
      "resolved": "https://registry.npmjs.org/@types/acorn/-/acorn-4.0.6.tgz",
      "integrity": "sha512-veQTnWP+1D/xbxVrPC3zHnCZRjSrKfhbMUlEA43iMZLu7EsnTtkJklIuwrCPbOi8YkvDQAiW05VQQFvvz9oieQ==",
      "dev": true,
      "license": "MIT",
      "dependencies": {
        "@types/estree": "*"
      }
    },
    "node_modules/@types/estree": {
      "version": "1.0.8",
      "resolved": "https://registry.npmjs.org/@types/estree/-/estree-1.0.8.tgz",
      "integrity": "sha512-dWHzHa2WqEXI/O1E9OjrocMTKJl2mSrEolh1Iomrv6U+JuNwaHXsXx9bLu5gG7BUWFIN0skIQJQ/L1rIex4X6w==",
      "dev": true,
      "license": "MIT"
    },
    "node_modules/@types/react": {
      "version": "19.2.2",
      "resolved": "https://registry.npmjs.org/@types/react/-/react-19.2.2.tgz",
      "integrity": "sha512-6mDvHUFSjyT2B2yeNx2nUgMxh9LtOWvkhIU3uePn2I2oyNymUAX1NIsdgviM4CH+JSrp2D2hsMvJOkxY+0wNRA==",
      "license": "MIT",
      "dependencies": {
        "csstype": "^3.0.2"
      }
    },
    "node_modules/@types/react-dom": {
      "version": "19.2.2",
      "resolved": "https://registry.npmjs.org/@types/react-dom/-/react-dom-19.2.2.tgz",
      "integrity": "sha512-9KQPoO6mZCi7jcIStSnlOWn2nEF3mNmyr3rIAsGnAbQKYbRLyqmeSc39EVgtxXVia+LMT8j3knZLAZAh+xLmrw==",
      "dev": true,
      "license": "MIT",
      "peerDependencies": {
        "@types/react": "^19.2.0"
      }
    },
    "node_modules/@types/rollup": {
      "version": "0.51.4",
      "resolved": "https://registry.npmjs.org/@types/rollup/-/rollup-0.51.4.tgz",
      "integrity": "sha512-JDmsTvACTcJbvfHrIBSWiw1JqQXCMDg+RJ8tAdUcYtPPDR1wCtEB/ljx2gvlMfAZVqOO0xoVulDfbJcz9SQ1GA==",
      "dev": true,
      "license": "MIT",
      "dependencies": {
        "@types/acorn": "*",
        "source-map": "^0.6.1"
      }
    },
    "node_modules/@types/trusted-types": {
      "version": "2.0.7",
      "resolved": "https://registry.npmjs.org/@types/trusted-types/-/trusted-types-2.0.7.tgz",
      "integrity": "sha512-ScaPdn1dQczgbl0QFTeTOmVHFULt394XJgOQNoyVhZ6r2vLnMLJfBPd53SB52T/3G36VI1/g2MZaX0cwDuXsfw==",
      "license": "MIT"
    },
    "node_modules/@vscode-elements/elements": {
      "version": "1.7.1",
      "resolved": "https://registry.npmjs.org/@vscode-elements/elements/-/elements-1.7.1.tgz",
      "integrity": "sha512-3iKAO+B5u/UKXVPOvnlpzFTCCh0lrESgonerNf6EOz2XgnBTBLC01qCHXTXTnFf/foSrcKEnLY7REZOnwZSe3A==",
      "license": "MIT",
      "dependencies": {
        "lit": "^3.2.0"
      }
    },
    "node_modules/@vscode-elements/react-elements": {
      "version": "0.5.0",
      "resolved": "https://registry.npmjs.org/@vscode-elements/react-elements/-/react-elements-0.5.0.tgz",
      "integrity": "sha512-+H1aKuD7uID8Dc/YiQCQUFtGcWxCX+rWH9EIcQTUB1Gj8SfQrwN4Cd46BqQbwJAwtYJkOMl9i+Urfc5mkw8HWw==",
      "license": "ISC",
      "dependencies": {
        "@lit/react": "^1.0.6",
        "@vscode-elements/elements": "~1.7.0",
        "react": "~18.0.0"
      }
    },
    "node_modules/@vscode/codicons": {
      "version": "0.0.40",
      "resolved": "https://registry.npmjs.org/@vscode/codicons/-/codicons-0.0.40.tgz",
      "integrity": "sha512-R8sEDXthD86JHsk3xERrMcTN6sMovbk1AXYB5/tGoEYCE8DWwya6al5VLrAmQYXC1bQhUHIfHALj8ijQUs11cQ==",
      "license": "CC-BY-4.0"
    },
    "node_modules/csstype": {
      "version": "3.1.3",
      "resolved": "https://registry.npmjs.org/csstype/-/csstype-3.1.3.tgz",
      "integrity": "sha512-M1uQkMl8rQK/szD0LNhtqxIPLpimGm8sOBwU7lLnCpSbTyY3yeU1Vc7l4KT5zT4s/yOxHH5O7tIuuLOCnLADRw==",
      "license": "MIT"
    },
    "node_modules/es-module-lexer": {
      "version": "1.7.0",
      "resolved": "https://registry.npmjs.org/es-module-lexer/-/es-module-lexer-1.7.0.tgz",
      "integrity": "sha512-jEQoCwk8hyb2AZziIOLhDqpm5+2ww5uIE6lkO/6jcOCusfk6LhMHpXXfBLXTZ7Ydyt0j4VoUQv6uGNYbdW+kBA==",
      "license": "MIT"
    },
    "node_modules/es-module-shims": {
      "version": "1.10.1",
      "resolved": "https://registry.npmjs.org/es-module-shims/-/es-module-shims-1.10.1.tgz",
      "integrity": "sha512-HSSkRLkqFEyX6GrCAHrSOR5iz/QzQJRqZUF7bFJOZ4aoSw0WoSggfsTIGN2yFbF8v6xjQFhT4HGP6b+0qQZmEQ==",
      "license": "MIT"
    },
    "node_modules/js-tokens": {
      "version": "4.0.0",
      "resolved": "https://registry.npmjs.org/js-tokens/-/js-tokens-4.0.0.tgz",
      "integrity": "sha512-RdJUflcE3cUzKiMqQgsCu06FPu9UdIJO0beYbPhHN4k6apgJtifcoCtT9bcxOpYBtpD2kCM6Sbzg4CausW/PKQ==",
      "license": "MIT"
    },
    "node_modules/lit": {
      "version": "3.3.1",
      "resolved": "https://registry.npmjs.org/lit/-/lit-3.3.1.tgz",
      "integrity": "sha512-Ksr/8L3PTapbdXJCk+EJVB78jDodUMaP54gD24W186zGRARvwrsPfS60wae/SSCTCNZVPd1chXqio1qHQmu4NA==",
      "license": "BSD-3-Clause",
      "dependencies": {
        "@lit/reactive-element": "^2.1.0",
        "lit-element": "^4.2.0",
        "lit-html": "^3.3.0"
      }
    },
    "node_modules/lit-element": {
      "version": "4.2.1",
      "resolved": "https://registry.npmjs.org/lit-element/-/lit-element-4.2.1.tgz",
      "integrity": "sha512-WGAWRGzirAgyphK2urmYOV72tlvnxw7YfyLDgQ+OZnM9vQQBQnumQ7jUJe6unEzwGU3ahFOjuz1iz1jjrpCPuw==",
      "license": "BSD-3-Clause",
      "dependencies": {
        "@lit-labs/ssr-dom-shim": "^1.4.0",
        "@lit/reactive-element": "^2.1.0",
        "lit-html": "^3.3.0"
      }
    },
    "node_modules/lit-html": {
      "version": "3.3.1",
      "resolved": "https://registry.npmjs.org/lit-html/-/lit-html-3.3.1.tgz",
      "integrity": "sha512-S9hbyDu/vs1qNrithiNyeyv64c9yqiW9l+DBgI18fL+MTvOtWoFR0FWiyq1TxaYef5wNlpEmzlXoBlZEO+WjoA==",
      "license": "BSD-3-Clause",
      "dependencies": {
        "@types/trusted-types": "^2.0.2"
      }
    },
    "node_modules/loose-envify": {
      "version": "1.4.0",
      "resolved": "https://registry.npmjs.org/loose-envify/-/loose-envify-1.4.0.tgz",
      "integrity": "sha512-lyuxPGr/Wfhrlem2CL/UcnUc1zcqKAImBDzukY7Y5F/yQiNdko6+fRLevlw1HgMySw7f611UIY408EtxRSoK3Q==",
      "license": "MIT",
      "dependencies": {
        "js-tokens": "^3.0.0 || ^4.0.0"
      },
      "bin": {
        "loose-envify": "cli.js"
      }
    },
    "node_modules/react": {
      "version": "18.0.0",
      "resolved": "https://registry.npmjs.org/react/-/react-18.0.0.tgz",
      "integrity": "sha512-x+VL6wbT4JRVPm7EGxXhZ8w8LTROaxPXOqhlGyVSrv0sB1jkyFGgXxJ8LVoPRLvPR6/CIZGFmfzqUa2NYeMr2A==",
      "license": "MIT",
      "dependencies": {
        "loose-envify": "^1.1.0"
      },
      "engines": {
        "node": ">=0.10.0"
      }
    },
    "node_modules/react-fast-compare": {
      "version": "3.2.2",
      "resolved": "https://registry.npmjs.org/react-fast-compare/-/react-fast-compare-3.2.2.tgz",
      "integrity": "sha512-nsO+KSNgo1SbJqJEYRE9ERzo7YtYbou/OqjSQKxV7jcKox7+usiUVZOAC+XnDOABXggQTno0Y1CpVnuWEc1boQ==",
      "license": "MIT"
    },
    "node_modules/source-map": {
      "version": "0.6.1",
      "resolved": "https://registry.npmjs.org/source-map/-/source-map-0.6.1.tgz",
      "integrity": "sha512-UjgapumWlbMhkBgzT7Ykc5YXUT46F0iKu8SGXq0bcwP5dz/h0Plj6enJqjz1Zbq2l5WaqYnrVbwWOWMyF3F47g==",
      "dev": true,
      "license": "BSD-3-Clause",
      "engines": {
        "node": ">=0.10.0"
      }
    },
    "node_modules/tachyons": {
      "version": "4.12.0",
      "resolved": "https://registry.npmjs.org/tachyons/-/tachyons-4.12.0.tgz",
      "integrity": "sha512-2nA2IrYFy3raCM9fxJ2KODRGHVSZNTW3BR0YnlGsLUf1DA3pk3YfWZ/DdfbnZK6zLZS+jUenlUGJsKcA5fUiZg==",
      "license": "MIT"
    },
    "node_modules/tslib": {
      "version": "2.8.1",
      "resolved": "https://registry.npmjs.org/tslib/-/tslib-2.8.1.tgz",
      "integrity": "sha512-oJFu94HQb+KVduSUQL7wnpmqnfmLsOA/nAh6b6EH0wCEoK0/mPeXU6c3wKDV83MkOuHPRHtSXKKU99IBazS/2w==",
      "license": "0BSD"
    },
    "node_modules/typescript": {
      "version": "5.9.3",
      "resolved": "https://registry.npmjs.org/typescript/-/typescript-5.9.3.tgz",
      "integrity": "sha512-jl1vZzPDinLr9eUt3J/t7V6FgNEw9QjvBPdysz9KfQDD41fQrC2Y4vKQdiaUpFT4bXlb1RHhLpp8wtm6M5TgSw==",
      "dev": true,
      "license": "Apache-2.0",
      "bin": {
        "tsc": "bin/tsc",
        "tsserver": "bin/tsserver"
      },
      "engines": {
        "node": ">=14.17"
      }
    },
    "node_modules/vscode-jsonrpc": {
      "version": "8.2.0",
      "resolved": "https://registry.npmjs.org/vscode-jsonrpc/-/vscode-jsonrpc-8.2.0.tgz",
      "integrity": "sha512-C+r0eKJUIfiDIfwJhria30+TYWPtuHJXHtI7J0YlOmKAo7ogxP20T0zxB7HZQIFhIyvoBPwWskjxrvAtfjyZfA==",
      "license": "MIT",
      "engines": {
        "node": ">=14.0.0"
      }
    },
    "node_modules/vscode-languageserver-protocol": {
      "version": "3.17.5",
      "resolved": "https://registry.npmjs.org/vscode-languageserver-protocol/-/vscode-languageserver-protocol-3.17.5.tgz",
      "integrity": "sha512-mb1bvRJN8SVznADSGWM9u/b07H7Ecg0I3OgXDuLdn307rl/J3A9YD6/eYOssqhecL27hK1IPZAsaqh00i/Jljg==",
      "license": "MIT",
      "dependencies": {
        "vscode-jsonrpc": "8.2.0",
        "vscode-languageserver-types": "3.17.5"
      }
    },
    "node_modules/vscode-languageserver-types": {
      "version": "3.17.5",
      "resolved": "https://registry.npmjs.org/vscode-languageserver-types/-/vscode-languageserver-types-3.17.5.tgz",
      "integrity": "sha512-Ld1VelNuX9pdF39h2Hgaeb5hEZM2Z3jUrrMgWQAu82jMtZp7p3vJT3BzToKtZI7NgQssZje5o0zryOrhQvzQAg==",
      "license": "MIT"
    }
  }
}
